
Microsoft Visual Studio Solution File, Format Version 12.00
# Visual Studio Version 17
VisualStudioVersion = 17.5.33424.131
MinimumVisualStudioVersion = 10.0.40219.1
Project("{FAE04EC0-301F-11D3-BF4B-00C04F79EFBC}") = "LinqWithSQL", "LinqWithSQL\LinqWithSQL.csproj", "{19A90853-C22A-43DF-B92B-460D2DA98E0C}"
EndProject
Global
	GlobalSection(SolutionConfigurationPlatforms) = preSolution
		Debug|Any CPU = Debug|Any CPU
		Release|Any CPU = Release|Any CPU
	EndGlobalSection
	GlobalSection(ProjectConfigurationPlatforms) = postSolution
		{19A90853-C22A-43DF-B92B-460D2DA98E0C}.Debug|Any CPU.ActiveCfg = Debug|Any CPU
		{19A90853-C22A-43DF-B92B-460D2DA98E0C}.Debug|Any CPU.Build.0 = Debug|Any CPU
		{19A90853-C22A-43DF-B92B-460D2DA98E0C}.Release|Any CPU.ActiveCfg = Release|Any CPU
		{19A90853-C22A-43DF-B92B-460D2DA98E0C}.Release|Any CPU.Build.0 = Release|Any CPU
	EndGlobalSection
	GlobalSection(SolutionProperties) = preSolution
		HideSolutionNode = FALSE
	EndGlobalSection
	GlobalSection(ExtensibilityGlobals) = postSolution
		SolutionGuid = {90516A0D-21CA-45F6-AAF7-93BD6A0C4CCC}
	EndGlobalSection
EndGlobal
