
Microsoft Visual Studio Solution File, Format Version 12.00
# Visual Studio Version 17
VisualStudioVersion = 17.5.33424.131
MinimumVisualStudioVersion = 10.0.40219.1
Project("{FAE04EC0-301F-11D3-BF4B-00C04F79EFBC}") = "studiesDirectory", "studiesDirectory\studiesDirectory.csproj", "{7D73F043-2CEA-468D-A0E7-BDD7E69E855B}"
EndProject
Global
	GlobalSection(SolutionConfigurationPlatforms) = preSolution
		Debug|Any CPU = Debug|Any CPU
		Release|Any CPU = Release|Any CPU
	EndGlobalSection
	GlobalSection(ProjectConfigurationPlatforms) = postSolution
		{7D73F043-2CEA-468D-A0E7-BDD7E69E855B}.Debug|Any CPU.ActiveCfg = Debug|Any CPU
		{7D73F043-2CEA-468D-A0E7-BDD7E69E855B}.Debug|Any CPU.Build.0 = Debug|Any CPU
		{7D73F043-2CEA-468D-A0E7-BDD7E69E855B}.Release|Any CPU.ActiveCfg = Release|Any CPU
		{7D73F043-2CEA-468D-A0E7-BDD7E69E855B}.Release|Any CPU.Build.0 = Release|Any CPU
	EndGlobalSection
	GlobalSection(SolutionProperties) = preSolution
		HideSolutionNode = FALSE
	EndGlobalSection
	GlobalSection(ExtensibilityGlobals) = postSolution
		SolutionGuid = {8F82B4CA-9DF3-41D7-877E-953D41240EE1}
	EndGlobalSection
EndGlobal
