
Microsoft Visual Studio Solution File, Format Version 12.00
# Visual Studio Version 17
VisualStudioVersion = 17.5.33424.131
MinimumVisualStudioVersion = 10.0.40219.1
Project("{FAE04EC0-301F-11D3-BF4B-00C04F79EFBC}") = "countCouseStudents", "countCouseStudents\countCouseStudents.csproj", "{61B25DA6-02A6-43E2-83FC-8CC85428A74C}"
EndProject
Global
	GlobalSection(SolutionConfigurationPlatforms) = preSolution
		Debug|Any CPU = Debug|Any CPU
		Release|Any CPU = Release|Any CPU
	EndGlobalSection
	GlobalSection(ProjectConfigurationPlatforms) = postSolution
		{61B25DA6-02A6-43E2-83FC-8CC85428A74C}.Debug|Any CPU.ActiveCfg = Debug|Any CPU
		{61B25DA6-02A6-43E2-83FC-8CC85428A74C}.Debug|Any CPU.Build.0 = Debug|Any CPU
		{61B25DA6-02A6-43E2-83FC-8CC85428A74C}.Release|Any CPU.ActiveCfg = Release|Any CPU
		{61B25DA6-02A6-43E2-83FC-8CC85428A74C}.Release|Any CPU.Build.0 = Release|Any CPU
	EndGlobalSection
	GlobalSection(SolutionProperties) = preSolution
		HideSolutionNode = FALSE
	EndGlobalSection
	GlobalSection(ExtensibilityGlobals) = postSolution
		SolutionGuid = {BBF12550-F576-46DD-8E19-8A3A5D07EC17}
	EndGlobalSection
EndGlobal
