
Microsoft Visual Studio Solution File, Format Version 12.00
# Visual Studio Version 17
VisualStudioVersion = 17.5.33424.131
MinimumVisualStudioVersion = 10.0.40219.1
Project("{FAE04EC0-301F-11D3-BF4B-00C04F79EFBC}") = "StaticMembers", "StaticMembers\StaticMembers.csproj", "{62486E19-85A1-46B4-B336-AC4E42228EBF}"
EndProject
Global
	GlobalSection(SolutionConfigurationPlatforms) = preSolution
		Debug|Any CPU = Debug|Any CPU
		Release|Any CPU = Release|Any CPU
	EndGlobalSection
	GlobalSection(ProjectConfigurationPlatforms) = postSolution
		{62486E19-85A1-46B4-B336-AC4E42228EBF}.Debug|Any CPU.ActiveCfg = Debug|Any CPU
		{62486E19-85A1-46B4-B336-AC4E42228EBF}.Debug|Any CPU.Build.0 = Debug|Any CPU
		{62486E19-85A1-46B4-B336-AC4E42228EBF}.Release|Any CPU.ActiveCfg = Release|Any CPU
		{62486E19-85A1-46B4-B336-AC4E42228EBF}.Release|Any CPU.Build.0 = Release|Any CPU
	EndGlobalSection
	GlobalSection(SolutionProperties) = preSolution
		HideSolutionNode = FALSE
	EndGlobalSection
	GlobalSection(ExtensibilityGlobals) = postSolution
		SolutionGuid = {67CC1836-CBB9-4368-8425-8015BFEDAF26}
	EndGlobalSection
EndGlobal
