
Microsoft Visual Studio Solution File, Format Version 12.00
# Visual Studio Version 17
VisualStudioVersion = 17.5.33424.131
MinimumVisualStudioVersion = 10.0.40219.1
Project("{FAE04EC0-301F-11D3-BF4B-00C04F79EFBC}") = "MatExercise", "MatExercise\MatExercise.csproj", "{307E4A2C-B409-4B84-8470-7CFFA9920A6B}"
EndProject
Global
	GlobalSection(SolutionConfigurationPlatforms) = preSolution
		Debug|Any CPU = Debug|Any CPU
		Release|Any CPU = Release|Any CPU
	EndGlobalSection
	GlobalSection(ProjectConfigurationPlatforms) = postSolution
		{307E4A2C-B409-4B84-8470-7CFFA9920A6B}.Debug|Any CPU.ActiveCfg = Debug|Any CPU
		{307E4A2C-B409-4B84-8470-7CFFA9920A6B}.Debug|Any CPU.Build.0 = Debug|Any CPU
		{307E4A2C-B409-4B84-8470-7CFFA9920A6B}.Release|Any CPU.ActiveCfg = Release|Any CPU
		{307E4A2C-B409-4B84-8470-7CFFA9920A6B}.Release|Any CPU.Build.0 = Release|Any CPU
	EndGlobalSection
	GlobalSection(SolutionProperties) = preSolution
		HideSolutionNode = FALSE
	EndGlobalSection
	GlobalSection(ExtensibilityGlobals) = postSolution
		SolutionGuid = {EA03DEE5-52CA-49BC-B765-B5C65598E02C}
	EndGlobalSection
EndGlobal
