
Microsoft Visual Studio Solution File, Format Version 12.00
# Visual Studio Version 17
VisualStudioVersion = 17.5.33424.131
MinimumVisualStudioVersion = 10.0.40219.1
Project("{FAE04EC0-301F-11D3-BF4B-00C04F79EFBC}") = "StudiesAboutGetHash", "StudiesAboutGetHash\StudiesAboutGetHash.csproj", "{184B8C53-3FCF-489C-AC99-9C4196A35DDA}"
EndProject
Global
	GlobalSection(SolutionConfigurationPlatforms) = preSolution
		Debug|Any CPU = Debug|Any CPU
		Release|Any CPU = Release|Any CPU
	EndGlobalSection
	GlobalSection(ProjectConfigurationPlatforms) = postSolution
		{184B8C53-3FCF-489C-AC99-9C4196A35DDA}.Debug|Any CPU.ActiveCfg = Debug|Any CPU
		{184B8C53-3FCF-489C-AC99-9C4196A35DDA}.Debug|Any CPU.Build.0 = Debug|Any CPU
		{184B8C53-3FCF-489C-AC99-9C4196A35DDA}.Release|Any CPU.ActiveCfg = Release|Any CPU
		{184B8C53-3FCF-489C-AC99-9C4196A35DDA}.Release|Any CPU.Build.0 = Release|Any CPU
	EndGlobalSection
	GlobalSection(SolutionProperties) = preSolution
		HideSolutionNode = FALSE
	EndGlobalSection
	GlobalSection(ExtensibilityGlobals) = postSolution
		SolutionGuid = {A35633A6-F9E8-4CAD-9E6E-68D115BA8C5E}
	EndGlobalSection
EndGlobal
