
Microsoft Visual Studio Solution File, Format Version 12.00
# Visual Studio Version 17
VisualStudioVersion = 17.5.33424.131
MinimumVisualStudioVersion = 10.0.40219.1
Project("{FAE04EC0-301F-11D3-BF4B-00C04F79EFBC}") = "Generics", "Generics\Generics.csproj", "{C44E2A62-2895-4C26-9CCC-EC3CF1DE833D}"
EndProject
Global
	GlobalSection(SolutionConfigurationPlatforms) = preSolution
		Debug|Any CPU = Debug|Any CPU
		Release|Any CPU = Release|Any CPU
	EndGlobalSection
	GlobalSection(ProjectConfigurationPlatforms) = postSolution
		{C44E2A62-2895-4C26-9CCC-EC3CF1DE833D}.Debug|Any CPU.ActiveCfg = Debug|Any CPU
		{C44E2A62-2895-4C26-9CCC-EC3CF1DE833D}.Debug|Any CPU.Build.0 = Debug|Any CPU
		{C44E2A62-2895-4C26-9CCC-EC3CF1DE833D}.Release|Any CPU.ActiveCfg = Release|Any CPU
		{C44E2A62-2895-4C26-9CCC-EC3CF1DE833D}.Release|Any CPU.Build.0 = Release|Any CPU
	EndGlobalSection
	GlobalSection(SolutionProperties) = preSolution
		HideSolutionNode = FALSE
	EndGlobalSection
	GlobalSection(ExtensibilityGlobals) = postSolution
		SolutionGuid = {BD25EBE6-B87E-400F-B5F6-FB6FB0EA44F9}
	EndGlobalSection
EndGlobal
