
Microsoft Visual Studio Solution File, Format Version 12.00
# Visual Studio Version 17
VisualStudioVersion = 17.5.33424.131
MinimumVisualStudioVersion = 10.0.40219.1
Project("{FAE04EC0-301F-11D3-BF4B-00C04F79EFBC}") = "understandoHashCodeWorks", "understandoHashCodeWorks\understandoHashCodeWorks.csproj", "{44FD309C-67F3-4BDB-B655-BC63448BC37A}"
EndProject
Global
	GlobalSection(SolutionConfigurationPlatforms) = preSolution
		Debug|Any CPU = Debug|Any CPU
		Release|Any CPU = Release|Any CPU
	EndGlobalSection
	GlobalSection(ProjectConfigurationPlatforms) = postSolution
		{44FD309C-67F3-4BDB-B655-BC63448BC37A}.Debug|Any CPU.ActiveCfg = Debug|Any CPU
		{44FD309C-67F3-4BDB-B655-BC63448BC37A}.Debug|Any CPU.Build.0 = Debug|Any CPU
		{44FD309C-67F3-4BDB-B655-BC63448BC37A}.Release|Any CPU.ActiveCfg = Release|Any CPU
		{44FD309C-67F3-4BDB-B655-BC63448BC37A}.Release|Any CPU.Build.0 = Release|Any CPU
	EndGlobalSection
	GlobalSection(SolutionProperties) = preSolution
		HideSolutionNode = FALSE
	EndGlobalSection
	GlobalSection(ExtensibilityGlobals) = postSolution
		SolutionGuid = {C45287A8-4CC8-47C6-B57C-B752E925EC0B}
	EndGlobalSection
EndGlobal
