
Microsoft Visual Studio Solution File, Format Version 12.00
# Visual Studio Version 17
VisualStudioVersion = 17.5.33424.131
MinimumVisualStudioVersion = 10.0.40219.1
Project("{FAE04EC0-301F-11D3-BF4B-00C04F79EFBC}") = "InterfaceConsolidationExercise", "InterfaceConsolidationExercise\InterfaceConsolidationExercise.csproj", "{EC606AE5-83DC-41AC-842A-7444EEBD27B4}"
EndProject
Global
	GlobalSection(SolutionConfigurationPlatforms) = preSolution
		Debug|Any CPU = Debug|Any CPU
		Release|Any CPU = Release|Any CPU
	EndGlobalSection
	GlobalSection(ProjectConfigurationPlatforms) = postSolution
		{EC606AE5-83DC-41AC-842A-7444EEBD27B4}.Debug|Any CPU.ActiveCfg = Debug|Any CPU
		{EC606AE5-83DC-41AC-842A-7444EEBD27B4}.Debug|Any CPU.Build.0 = Debug|Any CPU
		{EC606AE5-83DC-41AC-842A-7444EEBD27B4}.Release|Any CPU.ActiveCfg = Release|Any CPU
		{EC606AE5-83DC-41AC-842A-7444EEBD27B4}.Release|Any CPU.Build.0 = Release|Any CPU
	EndGlobalSection
	GlobalSection(SolutionProperties) = preSolution
		HideSolutionNode = FALSE
	EndGlobalSection
	GlobalSection(ExtensibilityGlobals) = postSolution
		SolutionGuid = {8FE02B50-6EB3-4DC5-98FA-F30DF50B085E}
	EndGlobalSection
EndGlobal
